
Microsoft Visual Studio Solution File, Format Version 12.00
# Visual Studio Version 17
VisualStudioVersion = 17.3.32922.545
MinimumVisualStudioVersion = 10.0.40219.1
Project("{FAE04EC0-301F-11D3-BF4B-00C04F79EFBC}") = "Class01", "Class01.csproj", "{EC08D739-072A-4AA9-8A16-AD1B37FE7AE7}"
EndProject
Global
	GlobalSection(SolutionConfigurationPlatforms) = preSolution
		Debug|Any CPU = Debug|Any CPU
		Release|Any CPU = Release|Any CPU
	EndGlobalSection
	GlobalSection(ProjectConfigurationPlatforms) = postSolution
		{EC08D739-072A-4AA9-8A16-AD1B37FE7AE7}.Debug|Any CPU.ActiveCfg = Debug|Any CPU
		{EC08D739-072A-4AA9-8A16-AD1B37FE7AE7}.Debug|Any CPU.Build.0 = Debug|Any CPU
		{EC08D739-072A-4AA9-8A16-AD1B37FE7AE7}.Release|Any CPU.ActiveCfg = Release|Any CPU
		{EC08D739-072A-4AA9-8A16-AD1B37FE7AE7}.Release|Any CPU.Build.0 = Release|Any CPU
	EndGlobalSection
	GlobalSection(SolutionProperties) = preSolution
		HideSolutionNode = FALSE
	EndGlobalSection
	GlobalSection(ExtensibilityGlobals) = postSolution
		SolutionGuid = {BD0E0E8D-9E55-4E6E-B040-0D7D72474C18}
	EndGlobalSection
EndGlobal
